
Microsoft Visual Studio Solution File, Format Version 12.00
# Visual Studio Version 16
VisualStudioVersion = 16.0.30413.136
MinimumVisualStudioVersion = 10.0.40219.1
Project("{9A19103F-16F7-4668-BE54-9A1E7A4F7556}") = "CsvImporter", "CsvImporter.csproj", "{405938AA-7043-4BF1-A01F-FA6D87BFC462}"
EndProject
Project("{9A19103F-16F7-4668-BE54-9A1E7A4F7556}") = "CsvImporterTest", "..\CsvImporterTest\CsvImporterTest.csproj", "{A5BEC617-7F73-4AC4-869F-281584278823}"
EndProject
Global
	GlobalSection(SolutionConfigurationPlatforms) = preSolution
		Debug|Any CPU = Debug|Any CPU
		Release|Any CPU = Release|Any CPU
	EndGlobalSection
	GlobalSection(ProjectConfigurationPlatforms) = postSolution
		{405938AA-7043-4BF1-A01F-FA6D87BFC462}.Debug|Any CPU.ActiveCfg = Debug|Any CPU
		{405938AA-7043-4BF1-A01F-FA6D87BFC462}.Debug|Any CPU.Build.0 = Debug|Any CPU
		{405938AA-7043-4BF1-A01F-FA6D87BFC462}.Release|Any CPU.ActiveCfg = Release|Any CPU
		{405938AA-7043-4BF1-A01F-FA6D87BFC462}.Release|Any CPU.Build.0 = Release|Any CPU
		{A5BEC617-7F73-4AC4-869F-281584278823}.Debug|Any CPU.ActiveCfg = Debug|Any CPU
		{A5BEC617-7F73-4AC4-869F-281584278823}.Debug|Any CPU.Build.0 = Debug|Any CPU
		{A5BEC617-7F73-4AC4-869F-281584278823}.Release|Any CPU.ActiveCfg = Release|Any CPU
		{A5BEC617-7F73-4AC4-869F-281584278823}.Release|Any CPU.Build.0 = Release|Any CPU
	EndGlobalSection
	GlobalSection(SolutionProperties) = preSolution
		HideSolutionNode = FALSE
	EndGlobalSection
	GlobalSection(ExtensibilityGlobals) = postSolution
		SolutionGuid = {449FAF9E-32D4-4460-A538-35988A0F5E34}
	EndGlobalSection
EndGlobal
